
Microsoft Visual Studio Solution File, Format Version 12.00
# Visual Studio Version 17
VisualStudioVersion = 17.5.002.0
MinimumVisualStudioVersion = 10.0.40219.1
Project("{9A19103F-16F7-4668-BE54-9A1E7A4F7556}") = "QuestPDFViewer", "QuestPDFViewer.csproj", "{780A9B51-09D7-46B3-96DE-536F15EBC0E1}"
EndProject
Global
	GlobalSection(SolutionConfigurationPlatforms) = preSolution
		Debug|Any CPU = Debug|Any CPU
		Release|Any CPU = Release|Any CPU
	EndGlobalSection
	GlobalSection(ProjectConfigurationPlatforms) = postSolution
		{780A9B51-09D7-46B3-96DE-536F15EBC0E1}.Debug|Any CPU.ActiveCfg = Debug|Any CPU
		{780A9B51-09D7-46B3-96DE-536F15EBC0E1}.Debug|Any CPU.Build.0 = Debug|Any CPU
		{780A9B51-09D7-46B3-96DE-536F15EBC0E1}.Release|Any CPU.ActiveCfg = Release|Any CPU
		{780A9B51-09D7-46B3-96DE-536F15EBC0E1}.Release|Any CPU.Build.0 = Release|Any CPU
	EndGlobalSection
	GlobalSection(SolutionProperties) = preSolution
		HideSolutionNode = FALSE
	EndGlobalSection
	GlobalSection(ExtensibilityGlobals) = postSolution
		SolutionGuid = {BA15B83D-2762-4844-B3DE-D10332C2527E}
	EndGlobalSection
EndGlobal
